github.com/kazekim/promptpay-qr-go v1.0.1 h1:e93R4iGaHjnmqZGKrE7xjicpIwosFCI2chM/KMYqEk8=
github.com/kazekim/promptpay-qr-go v1.0.1/go.mod h1:ejy5vo9bKtpylI/FXhMV8f/30cKldEbI4csPrRBg+3Q=
github.com/sigurn/crc16 v0.0.0-20240131213347-83fcde1e29d1 h1:NVK+OqnavpyFmUiKfUMHrpvbCi2VFoWTrcpI7aDaJ2I=
github.com/sigurn/crc16 v0.0.0-20240131213347-83fcde1e29d1/go.mod h1:9/etS5gpQq9BJsJMWg1wpLbfuSnkm8dPF6FdW2JXVhA=
github.com/skip2/go-qrcode v0.0.0-20200617195104-da1b6568686e h1:MRM5ITcdelLK2j1vwZ3Je0FKVCfqOLp5zO6trqMLYs0=
github.com/skip2/go-qrcode v0.0.0-20200617195104-da1b6568686e/go.mod h1:XV66xRDqSt+GTGFMVlhk3ULuV0y9ZmzeVGR4mloJI3M=
github.com/yousifnimah/Cryptx v1.0.1 h1:oZbB6CjvqOzkmoghsncb3/4sV2As8nqOJCjZPd08Xdw=
github.com/yousifnimah/Cryptx v1.0.1/go.mod h1:vmpiwqtg+fR+KaAisCdz2+6k30jWb+/X7EyUysDKh0U=
